
Microsoft Visual Studio Solution File, Format Version 12.00
# Visual Studio Version 17
VisualStudioVersion = 17.0.31903.59
MinimumVisualStudioVersion = 10.0.40219.1
Project("{9A19103F-16F7-4668-BE54-9A1E7A4F7556}") = "OrderRice", "src\OrderRice.csproj", "{9A609D22-8BFF-4119-A709-67438C144198}"
EndProject
Project("{9A19103F-16F7-4668-BE54-9A1E7A4F7556}") = "OrderRice.UnitTests", "tests\OrderRice.UnitTests\OrderRice.UnitTests.csproj", "{24C47015-81CC-447A-893D-4A8C7743CCB8}"
EndProject
Global
	GlobalSection(SolutionConfigurationPlatforms) = preSolution
		Debug|Any CPU = Debug|Any CPU
		Release|Any CPU = Release|Any CPU
	EndGlobalSection
	GlobalSection(ProjectConfigurationPlatforms) = postSolution
		{9A609D22-8BFF-4119-A709-67438C144198}.Debug|Any CPU.ActiveCfg = Debug|Any CPU
		{9A609D22-8BFF-4119-A709-67438C144198}.Debug|Any CPU.Build.0 = Debug|Any CPU
		{9A609D22-8BFF-4119-A709-67438C144198}.Release|Any CPU.ActiveCfg = Release|Any CPU
		{9A609D22-8BFF-4119-A709-67438C144198}.Release|Any CPU.Build.0 = Release|Any CPU
		{24C47015-81CC-447A-893D-4A8C7743CCB8}.Debug|Any CPU.ActiveCfg = Debug|Any CPU
		{24C47015-81CC-447A-893D-4A8C7743CCB8}.Debug|Any CPU.Build.0 = Debug|Any CPU
		{24C47015-81CC-447A-893D-4A8C7743CCB8}.Release|Any CPU.ActiveCfg = Release|Any CPU
		{24C47015-81CC-447A-893D-4A8C7743CCB8}.Release|Any CPU.Build.0 = Release|Any CPU
	EndGlobalSection
	GlobalSection(SolutionProperties) = preSolution
		HideSolutionNode = FALSE
	EndGlobalSection
	GlobalSection(ExtensibilityGlobals) = postSolution
		SolutionGuid = {C999C195-122B-439C-8F3A-2A890C6A3C88}
	EndGlobalSection
EndGlobal
